# THIS IS AN AUTOGENERATED FILE. DO NOT EDIT THIS FILE DIRECTLY.
# yarn lockfile v1


"@bitauth/libauth@^1.17.1":
  version "1.18.1"
  resolved "https://artifactory.int.liveperson.net:443/artifactory/api/npm/lp-npm-virtual/@bitauth/libauth/-/libauth-1.18.1.tgz#b1c632ed85f73c16a0ff89d81e8a92809fa15108"
  integrity sha1-scYy7YX3PBag/4nYHoqSgJ+hUQg=

"@ebot7/javascript-sdk@^0.0.7":
  version "0.0.7"
  resolved "https://artifactory.int.liveperson.net:443/artifactory/api/npm/lp-npm-virtual/@ebot7/javascript-sdk/-/javascript-sdk-0.0.7.tgz#27a2220fe7dad4929ba3dcb37a659a9fca431b11"
  integrity sha1-J6IiD+fa1JKbo9yzemWan8pDGxE=
  dependencies:
    "@bitauth/libauth" "^1.17.1"
    axios "^0.21.1"

"@ebot7/sdk@^0.2.0":
  version "0.2.0"
  resolved "https://artifactory.int.liveperson.net:443/artifactory/api/npm/lp-npm-virtual/@ebot7/sdk/-/sdk-0.2.0.tgz#cabc08278645ebc72d46d8c09bd751089b534d49"
  integrity sha1-yrwIJ4ZF68ctRtjAm9dRCJtTTUk=
  dependencies:
    "@bitauth/libauth" "^1.17.1"
    "@types/node" "^16.0.0"
    axios "^0.21.1"

"@types/node@^16.0.0":
  version "16.4.0"
  resolved "https://artifactory.int.liveperson.net:443/artifactory/api/npm/lp-npm-virtual/@types/node/-/node-16.4.0.tgz#2c219eaa3b8d1e4d04f4dd6e40bc68c7467d5272"
  integrity sha1-LCGeqjuNHk0E9N1uQLxox0Z9UnI=

axios@^0.21.1:
  version "0.21.1"
  resolved "https://artifactory.int.liveperson.net:443/artifactory/api/npm/lp-npm-virtual/axios/-/axios-0.21.1.tgz#22563481962f4d6bde9a76d516ef0e5d3c09b2b8"
  integrity sha1-IlY0gZYvTWvemnbVFu8OXTwJsrg=
  dependencies:
    follow-redirects "^1.10.0"

follow-redirects@^1.10.0:
  version "1.14.1"
  resolved "https://artifactory.int.liveperson.net:443/artifactory/api/npm/lp-npm-virtual/follow-redirects/-/follow-redirects-1.14.1.tgz#d9114ded0a1cfdd334e164e6662ad02bfd91ff43"
  integrity sha1-2RFN7Qoc/dM04WTmZirQK/2R/0M=
